{
  "requires": true,
  "lockfileVersion": 1,
  "dependencies": {
    "argparse": {
      "version": "2.0.1",
      "resolved": "https://registry.npmjs.org/argparse/-/argparse-2.0.1.tgz",
      "integrity": "sha512-8+9WqebbFzpX9OR+Wa6O29asIogeRMzcGtAINdpMHHyAg10f05aSFVBbcEqGf/PXw1EjAZ+q2/bEBg3DvurK3Q=="
    },
    "entities": {
      "version": "2.1.0",
      "resolved": "https://registry.npmjs.org/entities/-/entities-2.1.0.tgz",
      "integrity": "sha512-hCx1oky9PFrJ611mf0ifBLBRW8lUUVRlFolb5gWRfIELabBlbp9xZvrqZLZAs+NxFnbfQoeGd8wDkygjg7U85w=="
    },
    "linkify-it": {
      "version": "3.0.2",
      "resolved": "https://registry.npmjs.org/linkify-it/-/linkify-it-3.0.2.tgz",
      "integrity": "sha512-gDBO4aHNZS6coiZCKVhSNh43F9ioIL4JwRjLZPkoLIY4yZFwg264Y5lu2x6rb1Js42Gh6Yqm2f6L2AJcnkzinQ==",
      "requires": {
        "uc.micro": "^1.0.1"
      }
    },
    "markdown-it": {
      "version": "12.1.0",
      "resolved": "https://registry.npmjs.org/markdown-it/-/markdown-it-12.1.0.tgz",
      "integrity": "sha512-7temG6IFOOxfU0SgzhqR+vr2diuMhyO5uUIEZ3C5NbXhqC9uFUHoU41USYuDFoZRsaY7BEIEei874Z20VMLF6A==",
      "requires": {
        "argparse": "^2.0.1",
        "entities": "~2.1.0",
        "linkify-it": "^3.0.1",
        "mdurl": "^1.0.1",
        "uc.micro": "^1.0.5"
      }
    },
    "markdown-it-anchor": {
      "version": "8.1.0",
      "resolved": "https://registry.npmjs.org/markdown-it-anchor/-/markdown-it-anchor-8.1.0.tgz",
      "integrity": "sha512-QgnJbBhoDL8YIxeOnxxjhuMPsnjhHSixs3NuZBW8srNrwHlZUncY0j75bukEQoLRV+YCuwfVSqY4ShFfnzTaDQ=="
    },
    "markdown-it-checkbox": {
      "version": "git+https://git@github.com/Lucas-C/markdown-it-checkbox.git#80c13d52661d3442bbee1178915cf8f8065743f7",
      "from": "git+https://git@github.com/Lucas-C/markdown-it-checkbox.git",
      "requires": {
        "underscore": "^1.8.2"
      }
    },
    "markdown-it-container": {
      "version": "3.0.0",
      "resolved": "https://registry.npmjs.org/markdown-it-container/-/markdown-it-container-3.0.0.tgz",
      "integrity": "sha512-y6oKTq4BB9OQuY/KLfk/O3ysFhB3IMYoIWhGJEidXt1NQFocFK2sA2t0NYZAMyMShAGL6x5OPIbrmXPIqaN9rw=="
    },
    "markdown-it-header-sections": {
      "version": "1.0.0",
      "resolved": "https://registry.npmjs.org/markdown-it-header-sections/-/markdown-it-header-sections-1.0.0.tgz",
      "integrity": "sha512-GndZbs+iTo7NkNRf00VmT4mtFql7VoJNnSwB7hP5xkomGUTdQ78siVZIuRco4fbiWJd45JUemLxUS9vO8luPSA=="
    },
    "markdown-it-include": {
      "version": "2.0.0",
      "resolved": "https://registry.npmjs.org/markdown-it-include/-/markdown-it-include-2.0.0.tgz",
      "integrity": "sha512-wfgIX92ZEYahYWiCk6Jx36XmHvAimeHN420csOWgfyZjpf171Y0xREqZWcm/Rwjzyd0RLYryY+cbNmrkYW2MDw=="
    },
    "markdown-it-multimd-table": {
      "version": "4.1.0",
      "resolved": "https://registry.npmjs.org/markdown-it-multimd-table/-/markdown-it-multimd-table-4.1.0.tgz",
      "integrity": "sha512-YNR7Td1gK3O+jLezL6Zfl80WNRn9iLAyXmCVAUSsTJ61drmJdHr7cWqr2CuWaSffBtnM0Zh0QBRUdmICoy+CDg==",
      "requires": {
        "markdown-it": "^11.0.0"
      },
      "dependencies": {
        "argparse": {
          "version": "1.0.10",
          "resolved": "https://registry.npmjs.org/argparse/-/argparse-1.0.10.tgz",
          "integrity": "sha512-o5Roy6tNG4SL/FOkCAN6RzjiakZS25RLYFrcMttJqbdd8BWrnA+fGz57iN5Pb06pvBGvl5gQ0B48dJlslXvoTg==",
          "requires": {
            "sprintf-js": "~1.0.2"
          }
        },
        "entities": {
          "version": "2.0.3",
          "resolved": "https://registry.npmjs.org/entities/-/entities-2.0.3.tgz",
          "integrity": "sha512-MyoZ0jgnLvB2X3Lg5HqpFmn1kybDiIfEQmKzTb5apr51Rb+T3KdmMiqa70T+bhGnyv7bQ6WMj2QMHpGMmlrUYQ=="
        },
        "markdown-it": {
          "version": "11.0.1",
          "resolved": "https://registry.npmjs.org/markdown-it/-/markdown-it-11.0.1.tgz",
          "integrity": "sha512-aU1TzmBKcWNNYvH9pjq6u92BML+Hz3h5S/QpfTFwiQF852pLT+9qHsrhM9JYipkOXZxGn+sGH8oyJE9FD9WezQ==",
          "requires": {
            "argparse": "^1.0.7",
            "entities": "~2.0.0",
            "linkify-it": "^3.0.1",
            "mdurl": "^1.0.1",
            "uc.micro": "^1.0.5"
          }
        }
      }
    },
    "markdown-it-smartarrows": {
      "version": "1.0.1",
      "resolved": "https://registry.npmjs.org/markdown-it-smartarrows/-/markdown-it-smartarrows-1.0.1.tgz",
      "integrity": "sha1-tXDpwP+YEuDbas4Zr6W6ErZLuac="
    },
    "markdown-it-table-of-contents": {
      "version": "0.5.2",
      "resolved": "https://registry.npmjs.org/markdown-it-table-of-contents/-/markdown-it-table-of-contents-0.5.2.tgz",
      "integrity": "sha512-6o+rxSwzXmXCUn1n8QGTSpgbcnHBG6lUU8x7A5Cssuq5vbfzTfitfGPvQ5PZkp+gP1NGS/DR2rkYqJPn0rbZ1A=="
    },
    "mdurl": {
      "version": "1.0.1",
      "resolved": "https://registry.npmjs.org/mdurl/-/mdurl-1.0.1.tgz",
      "integrity": "sha1-/oWy7HWlkDfyrf7BAP1sYBdhFS4="
    },
    "minimist": {
      "version": "1.2.5",
      "resolved": "https://registry.npmjs.org/minimist/-/minimist-1.2.5.tgz",
      "integrity": "sha512-FM9nNUYrRBAELZQT3xeZQ7fmMOBg6nWNmJKTcgsJeaLstP/UODVpGsr5OhXhhXg6f+qtJ8uiZ+PUxkDWcgIXLw=="
    },
    "sprintf-js": {
      "version": "1.0.3",
      "resolved": "https://registry.npmjs.org/sprintf-js/-/sprintf-js-1.0.3.tgz",
      "integrity": "sha1-BOaSb2YolTVPPdAVIDYzuFcpfiw="
    },
    "uc.micro": {
      "version": "1.0.6",
      "resolved": "https://registry.npmjs.org/uc.micro/-/uc.micro-1.0.6.tgz",
      "integrity": "sha512-8Y75pvTYkLJW2hWQHXxoqRgV7qb9B+9vFEtidML+7koHUFapnVJAZ6cKs+Qjz5Aw3aZWHMC6u0wJE3At+nSGwA=="
    },
    "underscore": {
      "version": "1.13.1",
      "resolved": "https://registry.npmjs.org/underscore/-/underscore-1.13.1.tgz",
      "integrity": "sha512-hzSoAVtJF+3ZtiFX0VgfFPHEDRm7Y/QPjGyNo4TVdnDTdft3tr8hEkD25a1jC+TjTuE7tkHGKkhwCgs9dgBB2g=="
    }
  }
}
